
Microsoft Visual Studio Solution File, Format Version 12.00
# Visual Studio Version 17
VisualStudioVersion = 17.5.2.0
MinimumVisualStudioVersion = 10.0.40219.1
Project("{2150E333-8FDC-42A3-9474-1A3956D46DE8}") = "services", "services", "{5854FF58-B8C5-05C6-5BF2-ACE42193F22B}"
EndProject
Project("{2150E333-8FDC-42A3-9474-1A3956D46DE8}") = "building-blocks", "building-blocks", "{FDE299AA-70D4-B916-8CC4-7FC358D368AF}"
EndProject
Project("{FAE04EC0-301F-11D3-BF4B-00C04F79EFBC}") = "University360.BuildingBlocks", "services\building-blocks\University360.BuildingBlocks\University360.BuildingBlocks.csproj", "{443C1B03-E514-AFB8-6277-838FE260D0AF}"
EndProject
Project("{2150E333-8FDC-42A3-9474-1A3956D46DE8}") = "academic-service", "academic-service", "{3650A7F7-25F2-ACB6-7C61-DEEC92180F0D}"
EndProject
Project("{2150E333-8FDC-42A3-9474-1A3956D46DE8}") = "src", "src", "{B104623F-0B8C-9DD4-5D3B-76CEF981FDB5}"
EndProject
Project("{FAE04EC0-301F-11D3-BF4B-00C04F79EFBC}") = "AcademicService.Api", "services\academic-service\src\AcademicService.Api\AcademicService.Api.csproj", "{4870B4FD-18B9-69A6-9A93-A5AF19CB0780}"
EndProject
Project("{2150E333-8FDC-42A3-9474-1A3956D46DE8}") = "attendance-service", "attendance-service", "{DEAC25A7-03E7-B93E-7927-F88DB4E592C1}"
EndProject
Project("{2150E333-8FDC-42A3-9474-1A3956D46DE8}") = "src", "src", "{ED5237CC-AF6D-BA31-90AB-4E81B22DC8F1}"
EndProject
Project("{FAE04EC0-301F-11D3-BF4B-00C04F79EFBC}") = "AttendanceService.Api", "services\attendance-service\src\AttendanceService.Api\AttendanceService.Api.csproj", "{77DEB1BA-BAC2-3D01-D5FB-69979F8CB3F0}"
EndProject
Project("{2150E333-8FDC-42A3-9474-1A3956D46DE8}") = "communication-service", "communication-service", "{18A60A9C-DD2A-9D9C-9CF5-239B078869C8}"
EndProject
Project("{2150E333-8FDC-42A3-9474-1A3956D46DE8}") = "src", "src", "{BF70BBB6-3B57-641E-DFAD-9CE91C057720}"
EndProject
Project("{FAE04EC0-301F-11D3-BF4B-00C04F79EFBC}") = "CommunicationService.Api", "services\communication-service\src\CommunicationService.Api\CommunicationService.Api.csproj", "{2AB6FD44-781E-906F-B7B7-F99FD8FA2022}"
EndProject
Project("{2150E333-8FDC-42A3-9474-1A3956D46DE8}") = "exam-service", "exam-service", "{C8FF570F-443C-60A1-5CCD-EAB3A876C270}"
EndProject
Project("{2150E333-8FDC-42A3-9474-1A3956D46DE8}") = "src", "src", "{696FA2B1-0B93-DA7F-F183-1C224961A235}"
EndProject
Project("{FAE04EC0-301F-11D3-BF4B-00C04F79EFBC}") = "ExamService.Api", "services\exam-service\src\ExamService.Api\ExamService.Api.csproj", "{DCCB6132-E95A-783D-442C-C1A04B9E5A8D}"
EndProject
Project("{2150E333-8FDC-42A3-9474-1A3956D46DE8}") = "finance-service", "finance-service", "{1E7915AD-DF8B-B3A2-2DC2-A346E063C75A}"
EndProject
Project("{2150E333-8FDC-42A3-9474-1A3956D46DE8}") = "src", "src", "{310CD506-C094-E520-D600-A931B9FF9744}"
EndProject
Project("{FAE04EC0-301F-11D3-BF4B-00C04F79EFBC}") = "FinanceService.Api", "services\finance-service\src\FinanceService.Api\FinanceService.Api.csproj", "{0FD9B2C4-9513-0629-7CF2-E1187CB1989D}"
EndProject
Project("{2150E333-8FDC-42A3-9474-1A3956D46DE8}") = "identity-service", "identity-service", "{A86387A1-6CB7-E87F-8D97-922B56EDCEFC}"
EndProject
Project("{2150E333-8FDC-42A3-9474-1A3956D46DE8}") = "src", "src", "{B16E37B7-9997-3A69-15CC-2776E4DDC1AC}"
EndProject
Project("{FAE04EC0-301F-11D3-BF4B-00C04F79EFBC}") = "IdentityService.Api", "services\identity-service\src\IdentityService.Api\IdentityService.Api.csproj", "{8E79B3D7-430D-E8B5-02FA-D89CEB9C6E89}"
EndProject
Project("{2150E333-8FDC-42A3-9474-1A3956D46DE8}") = "ai-assistant-service", "ai-assistant-service", "{FA821B45-534B-7B60-4D5D-EBB8639F2489}"
EndProject
Project("{2150E333-8FDC-42A3-9474-1A3956D46DE8}") = "src", "src", "{B2BBB22C-EC00-6BA1-C10F-18C33A0E377D}"
EndProject
Project("{FAE04EC0-301F-11D3-BF4B-00C04F79EFBC}") = "AiAssistantService.Api", "services\ai-assistant-service\src\AiAssistantService.Api\AiAssistantService.Api.csproj", "{49DFC6C6-19FC-4B09-84DA-2F08A900E973}"
EndProject
Project("{2150E333-8FDC-42A3-9474-1A3956D46DE8}") = "student-service", "student-service", "{AAABED3C-F9E8-A7E9-77BB-1CED8FA193F4}"
EndProject
Project("{2150E333-8FDC-42A3-9474-1A3956D46DE8}") = "src", "src", "{36384A19-6F7B-0B60-D6E1-157270F66F82}"
EndProject
Project("{FAE04EC0-301F-11D3-BF4B-00C04F79EFBC}") = "StudentService.Api", "services\student-service\src\StudentService.Api\StudentService.Api.csproj", "{4C73BA92-EB3D-476D-AD7F-1AA1A2308374}"
EndProject
Project("{FAE04EC0-301F-11D3-BF4B-00C04F79EFBC}") = "HostelService.Api", "services\hostel-service\src\HostelService.Api\HostelService.Api.csproj", "{8773210A-363C-41C2-9D7D-67234FF698CA}"
EndProject
Project("{FAE04EC0-301F-11D3-BF4B-00C04F79EFBC}") = "TransportService.Api", "services\transport-service\src\TransportService.Api\TransportService.Api.csproj", "{8DD69827-CD7A-4054-8865-2E161D27A7A3}"
EndProject
Project("{FAE04EC0-301F-11D3-BF4B-00C04F79EFBC}") = "PlacementService.Api", "services\placement-service\src\PlacementService.Api\PlacementService.Api.csproj", "{C89A7C0A-0CD3-4011-8543-64AD22F89179}"
EndProject
Project("{FAE04EC0-301F-11D3-BF4B-00C04F79EFBC}") = "LibraryService.Api", "services\library-service\src\LibraryService.Api\LibraryService.Api.csproj", "{32451D6E-A79F-4CA1-8C99-101E3E1BB4F5}"
EndProject
Project("{FAE04EC0-301F-11D3-BF4B-00C04F79EFBC}") = "LmsService.Api", "services\lms-service\src\LmsService.Api\LmsService.Api.csproj", "{7651CF13-5E12-4AA2-BD58-0CC1A34B7F81}"
EndProject
Project("{FAE04EC0-301F-11D3-BF4B-00C04F79EFBC}") = "AiInsightsService.Api", "services\ai-insights-service\src\AiInsightsService.Api\AiInsightsService.Api.csproj", "{5EC3D0BF-C2C6-4A44-9F29-D880DE801534}"
EndProject
Project("{FAE04EC0-301F-11D3-BF4B-00C04F79EFBC}") = "GatewayService.Api", "services\gateway-service\src\GatewayService.Api\GatewayService.Api.csproj", "{346C097A-EBA3-422E-B097-2EBBEEE036F6}"
EndProject
Project("{FAE04EC0-301F-11D3-BF4B-00C04F79EFBC}") = "Platform.Tests", "tests\Platform.Tests\Platform.Tests.csproj", "{382D8599-8B8B-4E68-AB0C-E190B210F12C}"
EndProject
Project("{2150E333-8FDC-42A3-9474-1A3956D46DE8}") = "authorization-service", "authorization-service", "{21BDF9CB-A000-6E5A-E702-829E2102A3F7}"
EndProject
Project("{2150E333-8FDC-42A3-9474-1A3956D46DE8}") = "src", "src", "{266C183A-E1BB-D009-9FB2-EFE82555B9CC}"
EndProject
Project("{FAE04EC0-301F-11D3-BF4B-00C04F79EFBC}") = "AuthorizationService.Api", "services\authorization-service\src\AuthorizationService.Api\AuthorizationService.Api.csproj", "{5401985E-F03A-4FE8-8C25-924EE49D947B}"
EndProject
Project("{FAE04EC0-301F-11D3-BF4B-00C04F79EFBC}") = "AnalyticsProcessorService.Api", "services\analytics-processor-service\src\AnalyticsProcessorService.Api\AnalyticsProcessorService.Api.csproj", "{FCC974DB-6159-4DDE-ABE8-D8B76B4D296B}"
EndProject
Project("{2150E333-8FDC-42A3-9474-1A3956D46DE8}") = "organization-service", "organization-service", "{E76A2C53-BF35-DE38-48D8-D6C8283F6C87}"
EndProject
Project("{2150E333-8FDC-42A3-9474-1A3956D46DE8}") = "src", "src", "{70B35090-7ACB-3C77-283D-6426FE47DA94}"
EndProject
Project("{FAE04EC0-301F-11D3-BF4B-00C04F79EFBC}") = "OrganizationService.Api", "services\organization-service\src\OrganizationService.Api\OrganizationService.Api.csproj", "{9288643A-3F51-4929-9907-809142B45B8B}"
EndProject
Global
	GlobalSection(SolutionConfigurationPlatforms) = preSolution
		Debug|Any CPU = Debug|Any CPU
		Debug|x64 = Debug|x64
		Debug|x86 = Debug|x86
		Release|Any CPU = Release|Any CPU
		Release|x64 = Release|x64
		Release|x86 = Release|x86
	EndGlobalSection
	GlobalSection(ProjectConfigurationPlatforms) = postSolution
		{443C1B03-E514-AFB8-6277-838FE260D0AF}.Debug|Any CPU.ActiveCfg = Debug|Any CPU
		{443C1B03-E514-AFB8-6277-838FE260D0AF}.Debug|Any CPU.Build.0 = Debug|Any CPU
		{443C1B03-E514-AFB8-6277-838FE260D0AF}.Debug|x64.ActiveCfg = Debug|Any CPU
		{443C1B03-E514-AFB8-6277-838FE260D0AF}.Debug|x64.Build.0 = Debug|Any CPU
		{443C1B03-E514-AFB8-6277-838FE260D0AF}.Debug|x86.ActiveCfg = Debug|Any CPU
		{443C1B03-E514-AFB8-6277-838FE260D0AF}.Debug|x86.Build.0 = Debug|Any CPU
		{443C1B03-E514-AFB8-6277-838FE260D0AF}.Release|Any CPU.ActiveCfg = Release|Any CPU
		{443C1B03-E514-AFB8-6277-838FE260D0AF}.Release|Any CPU.Build.0 = Release|Any CPU
		{443C1B03-E514-AFB8-6277-838FE260D0AF}.Release|x64.ActiveCfg = Release|Any CPU
		{443C1B03-E514-AFB8-6277-838FE260D0AF}.Release|x64.Build.0 = Release|Any CPU
		{443C1B03-E514-AFB8-6277-838FE260D0AF}.Release|x86.ActiveCfg = Release|Any CPU
		{443C1B03-E514-AFB8-6277-838FE260D0AF}.Release|x86.Build.0 = Release|Any CPU
		{4870B4FD-18B9-69A6-9A93-A5AF19CB0780}.Debug|Any CPU.ActiveCfg = Debug|Any CPU
		{4870B4FD-18B9-69A6-9A93-A5AF19CB0780}.Debug|Any CPU.Build.0 = Debug|Any CPU
		{4870B4FD-18B9-69A6-9A93-A5AF19CB0780}.Debug|x64.ActiveCfg = Debug|Any CPU
		{4870B4FD-18B9-69A6-9A93-A5AF19CB0780}.Debug|x64.Build.0 = Debug|Any CPU
		{4870B4FD-18B9-69A6-9A93-A5AF19CB0780}.Debug|x86.ActiveCfg = Debug|Any CPU
		{4870B4FD-18B9-69A6-9A93-A5AF19CB0780}.Debug|x86.Build.0 = Debug|Any CPU
		{4870B4FD-18B9-69A6-9A93-A5AF19CB0780}.Release|Any CPU.ActiveCfg = Release|Any CPU
		{4870B4FD-18B9-69A6-9A93-A5AF19CB0780}.Release|Any CPU.Build.0 = Release|Any CPU
		{4870B4FD-18B9-69A6-9A93-A5AF19CB0780}.Release|x64.ActiveCfg = Release|Any CPU
		{4870B4FD-18B9-69A6-9A93-A5AF19CB0780}.Release|x64.Build.0 = Release|Any CPU
		{4870B4FD-18B9-69A6-9A93-A5AF19CB0780}.Release|x86.ActiveCfg = Release|Any CPU
		{4870B4FD-18B9-69A6-9A93-A5AF19CB0780}.Release|x86.Build.0 = Release|Any CPU
		{77DEB1BA-BAC2-3D01-D5FB-69979F8CB3F0}.Debug|Any CPU.ActiveCfg = Debug|Any CPU
		{77DEB1BA-BAC2-3D01-D5FB-69979F8CB3F0}.Debug|Any CPU.Build.0 = Debug|Any CPU
		{77DEB1BA-BAC2-3D01-D5FB-69979F8CB3F0}.Debug|x64.ActiveCfg = Debug|Any CPU
		{77DEB1BA-BAC2-3D01-D5FB-69979F8CB3F0}.Debug|x64.Build.0 = Debug|Any CPU
		{77DEB1BA-BAC2-3D01-D5FB-69979F8CB3F0}.Debug|x86.ActiveCfg = Debug|Any CPU
		{77DEB1BA-BAC2-3D01-D5FB-69979F8CB3F0}.Debug|x86.Build.0 = Debug|Any CPU
		{77DEB1BA-BAC2-3D01-D5FB-69979F8CB3F0}.Release|Any CPU.ActiveCfg = Release|Any CPU
		{77DEB1BA-BAC2-3D01-D5FB-69979F8CB3F0}.Release|Any CPU.Build.0 = Release|Any CPU
		{77DEB1BA-BAC2-3D01-D5FB-69979F8CB3F0}.Release|x64.ActiveCfg = Release|Any CPU
		{77DEB1BA-BAC2-3D01-D5FB-69979F8CB3F0}.Release|x64.Build.0 = Release|Any CPU
		{77DEB1BA-BAC2-3D01-D5FB-69979F8CB3F0}.Release|x86.ActiveCfg = Release|Any CPU
		{77DEB1BA-BAC2-3D01-D5FB-69979F8CB3F0}.Release|x86.Build.0 = Release|Any CPU
		{2AB6FD44-781E-906F-B7B7-F99FD8FA2022}.Debug|Any CPU.ActiveCfg = Debug|Any CPU
		{2AB6FD44-781E-906F-B7B7-F99FD8FA2022}.Debug|Any CPU.Build.0 = Debug|Any CPU
		{2AB6FD44-781E-906F-B7B7-F99FD8FA2022}.Debug|x64.ActiveCfg = Debug|Any CPU
		{2AB6FD44-781E-906F-B7B7-F99FD8FA2022}.Debug|x64.Build.0 = Debug|Any CPU
		{2AB6FD44-781E-906F-B7B7-F99FD8FA2022}.Debug|x86.ActiveCfg = Debug|Any CPU
		{2AB6FD44-781E-906F-B7B7-F99FD8FA2022}.Debug|x86.Build.0 = Debug|Any CPU
		{2AB6FD44-781E-906F-B7B7-F99FD8FA2022}.Release|Any CPU.ActiveCfg = Release|Any CPU
		{2AB6FD44-781E-906F-B7B7-F99FD8FA2022}.Release|Any CPU.Build.0 = Release|Any CPU
		{2AB6FD44-781E-906F-B7B7-F99FD8FA2022}.Release|x64.ActiveCfg = Release|Any CPU
		{2AB6FD44-781E-906F-B7B7-F99FD8FA2022}.Release|x64.Build.0 = Release|Any CPU
		{2AB6FD44-781E-906F-B7B7-F99FD8FA2022}.Release|x86.ActiveCfg = Release|Any CPU
		{2AB6FD44-781E-906F-B7B7-F99FD8FA2022}.Release|x86.Build.0 = Release|Any CPU
		{DCCB6132-E95A-783D-442C-C1A04B9E5A8D}.Debug|Any CPU.ActiveCfg = Debug|Any CPU
		{DCCB6132-E95A-783D-442C-C1A04B9E5A8D}.Debug|Any CPU.Build.0 = Debug|Any CPU
		{DCCB6132-E95A-783D-442C-C1A04B9E5A8D}.Debug|x64.ActiveCfg = Debug|Any CPU
		{DCCB6132-E95A-783D-442C-C1A04B9E5A8D}.Debug|x64.Build.0 = Debug|Any CPU
		{DCCB6132-E95A-783D-442C-C1A04B9E5A8D}.Debug|x86.ActiveCfg = Debug|Any CPU
		{DCCB6132-E95A-783D-442C-C1A04B9E5A8D}.Debug|x86.Build.0 = Debug|Any CPU
		{DCCB6132-E95A-783D-442C-C1A04B9E5A8D}.Release|Any CPU.ActiveCfg = Release|Any CPU
		{DCCB6132-E95A-783D-442C-C1A04B9E5A8D}.Release|Any CPU.Build.0 = Release|Any CPU
		{DCCB6132-E95A-783D-442C-C1A04B9E5A8D}.Release|x64.ActiveCfg = Release|Any CPU
		{DCCB6132-E95A-783D-442C-C1A04B9E5A8D}.Release|x64.Build.0 = Release|Any CPU
		{DCCB6132-E95A-783D-442C-C1A04B9E5A8D}.Release|x86.ActiveCfg = Release|Any CPU
		{DCCB6132-E95A-783D-442C-C1A04B9E5A8D}.Release|x86.Build.0 = Release|Any CPU
		{0FD9B2C4-9513-0629-7CF2-E1187CB1989D}.Debug|Any CPU.ActiveCfg = Debug|Any CPU
		{0FD9B2C4-9513-0629-7CF2-E1187CB1989D}.Debug|Any CPU.Build.0 = Debug|Any CPU
		{0FD9B2C4-9513-0629-7CF2-E1187CB1989D}.Debug|x64.ActiveCfg = Debug|Any CPU
		{0FD9B2C4-9513-0629-7CF2-E1187CB1989D}.Debug|x64.Build.0 = Debug|Any CPU
		{0FD9B2C4-9513-0629-7CF2-E1187CB1989D}.Debug|x86.ActiveCfg = Debug|Any CPU
		{0FD9B2C4-9513-0629-7CF2-E1187CB1989D}.Debug|x86.Build.0 = Debug|Any CPU
		{0FD9B2C4-9513-0629-7CF2-E1187CB1989D}.Release|Any CPU.ActiveCfg = Release|Any CPU
		{0FD9B2C4-9513-0629-7CF2-E1187CB1989D}.Release|Any CPU.Build.0 = Release|Any CPU
		{0FD9B2C4-9513-0629-7CF2-E1187CB1989D}.Release|x64.ActiveCfg = Release|Any CPU
		{0FD9B2C4-9513-0629-7CF2-E1187CB1989D}.Release|x64.Build.0 = Release|Any CPU
		{0FD9B2C4-9513-0629-7CF2-E1187CB1989D}.Release|x86.ActiveCfg = Release|Any CPU
		{0FD9B2C4-9513-0629-7CF2-E1187CB1989D}.Release|x86.Build.0 = Release|Any CPU
		{8E79B3D7-430D-E8B5-02FA-D89CEB9C6E89}.Debug|Any CPU.ActiveCfg = Debug|Any CPU
		{8E79B3D7-430D-E8B5-02FA-D89CEB9C6E89}.Debug|Any CPU.Build.0 = Debug|Any CPU
		{8E79B3D7-430D-E8B5-02FA-D89CEB9C6E89}.Debug|x64.ActiveCfg = Debug|Any CPU
		{8E79B3D7-430D-E8B5-02FA-D89CEB9C6E89}.Debug|x64.Build.0 = Debug|Any CPU
		{8E79B3D7-430D-E8B5-02FA-D89CEB9C6E89}.Debug|x86.ActiveCfg = Debug|Any CPU
		{8E79B3D7-430D-E8B5-02FA-D89CEB9C6E89}.Debug|x86.Build.0 = Debug|Any CPU
		{8E79B3D7-430D-E8B5-02FA-D89CEB9C6E89}.Release|Any CPU.ActiveCfg = Release|Any CPU
		{8E79B3D7-430D-E8B5-02FA-D89CEB9C6E89}.Release|Any CPU.Build.0 = Release|Any CPU
		{8E79B3D7-430D-E8B5-02FA-D89CEB9C6E89}.Release|x64.ActiveCfg = Release|Any CPU
		{8E79B3D7-430D-E8B5-02FA-D89CEB9C6E89}.Release|x64.Build.0 = Release|Any CPU
		{8E79B3D7-430D-E8B5-02FA-D89CEB9C6E89}.Release|x86.ActiveCfg = Release|Any CPU
		{8E79B3D7-430D-E8B5-02FA-D89CEB9C6E89}.Release|x86.Build.0 = Release|Any CPU
		{49DFC6C6-19FC-4B09-84DA-2F08A900E973}.Debug|Any CPU.ActiveCfg = Debug|Any CPU
		{49DFC6C6-19FC-4B09-84DA-2F08A900E973}.Debug|Any CPU.Build.0 = Debug|Any CPU
		{49DFC6C6-19FC-4B09-84DA-2F08A900E973}.Debug|x64.ActiveCfg = Debug|Any CPU
		{49DFC6C6-19FC-4B09-84DA-2F08A900E973}.Debug|x64.Build.0 = Debug|Any CPU
		{49DFC6C6-19FC-4B09-84DA-2F08A900E973}.Debug|x86.ActiveCfg = Debug|Any CPU
		{49DFC6C6-19FC-4B09-84DA-2F08A900E973}.Debug|x86.Build.0 = Debug|Any CPU
		{49DFC6C6-19FC-4B09-84DA-2F08A900E973}.Release|Any CPU.ActiveCfg = Release|Any CPU
		{49DFC6C6-19FC-4B09-84DA-2F08A900E973}.Release|Any CPU.Build.0 = Release|Any CPU
		{49DFC6C6-19FC-4B09-84DA-2F08A900E973}.Release|x64.ActiveCfg = Release|Any CPU
		{49DFC6C6-19FC-4B09-84DA-2F08A900E973}.Release|x64.Build.0 = Release|Any CPU
		{49DFC6C6-19FC-4B09-84DA-2F08A900E973}.Release|x86.ActiveCfg = Release|Any CPU
		{49DFC6C6-19FC-4B09-84DA-2F08A900E973}.Release|x86.Build.0 = Release|Any CPU
		{4C73BA92-EB3D-476D-AD7F-1AA1A2308374}.Debug|Any CPU.ActiveCfg = Debug|Any CPU
		{4C73BA92-EB3D-476D-AD7F-1AA1A2308374}.Debug|Any CPU.Build.0 = Debug|Any CPU
		{4C73BA92-EB3D-476D-AD7F-1AA1A2308374}.Debug|x64.ActiveCfg = Debug|Any CPU
		{4C73BA92-EB3D-476D-AD7F-1AA1A2308374}.Debug|x64.Build.0 = Debug|Any CPU
		{4C73BA92-EB3D-476D-AD7F-1AA1A2308374}.Debug|x86.ActiveCfg = Debug|Any CPU
		{4C73BA92-EB3D-476D-AD7F-1AA1A2308374}.Debug|x86.Build.0 = Debug|Any CPU
		{4C73BA92-EB3D-476D-AD7F-1AA1A2308374}.Release|Any CPU.ActiveCfg = Release|Any CPU
		{4C73BA92-EB3D-476D-AD7F-1AA1A2308374}.Release|Any CPU.Build.0 = Release|Any CPU
		{4C73BA92-EB3D-476D-AD7F-1AA1A2308374}.Release|x64.ActiveCfg = Release|Any CPU
		{4C73BA92-EB3D-476D-AD7F-1AA1A2308374}.Release|x64.Build.0 = Release|Any CPU
		{4C73BA92-EB3D-476D-AD7F-1AA1A2308374}.Release|x86.ActiveCfg = Release|Any CPU
		{4C73BA92-EB3D-476D-AD7F-1AA1A2308374}.Release|x86.Build.0 = Release|Any CPU
		{8773210A-363C-41C2-9D7D-67234FF698CA}.Debug|Any CPU.ActiveCfg = Debug|Any CPU
		{8773210A-363C-41C2-9D7D-67234FF698CA}.Debug|Any CPU.Build.0 = Debug|Any CPU
		{8773210A-363C-41C2-9D7D-67234FF698CA}.Debug|x64.ActiveCfg = Debug|Any CPU
		{8773210A-363C-41C2-9D7D-67234FF698CA}.Debug|x64.Build.0 = Debug|Any CPU
		{8773210A-363C-41C2-9D7D-67234FF698CA}.Debug|x86.ActiveCfg = Debug|Any CPU
		{8773210A-363C-41C2-9D7D-67234FF698CA}.Debug|x86.Build.0 = Debug|Any CPU
		{8773210A-363C-41C2-9D7D-67234FF698CA}.Release|Any CPU.ActiveCfg = Release|Any CPU
		{8773210A-363C-41C2-9D7D-67234FF698CA}.Release|Any CPU.Build.0 = Release|Any CPU
		{8773210A-363C-41C2-9D7D-67234FF698CA}.Release|x64.ActiveCfg = Release|Any CPU
		{8773210A-363C-41C2-9D7D-67234FF698CA}.Release|x64.Build.0 = Release|Any CPU
		{8773210A-363C-41C2-9D7D-67234FF698CA}.Release|x86.ActiveCfg = Release|Any CPU
		{8773210A-363C-41C2-9D7D-67234FF698CA}.Release|x86.Build.0 = Release|Any CPU
		{8DD69827-CD7A-4054-8865-2E161D27A7A3}.Debug|Any CPU.ActiveCfg = Debug|Any CPU
		{8DD69827-CD7A-4054-8865-2E161D27A7A3}.Debug|Any CPU.Build.0 = Debug|Any CPU
		{8DD69827-CD7A-4054-8865-2E161D27A7A3}.Debug|x64.ActiveCfg = Debug|Any CPU
		{8DD69827-CD7A-4054-8865-2E161D27A7A3}.Debug|x64.Build.0 = Debug|Any CPU
		{8DD69827-CD7A-4054-8865-2E161D27A7A3}.Debug|x86.ActiveCfg = Debug|Any CPU
		{8DD69827-CD7A-4054-8865-2E161D27A7A3}.Debug|x86.Build.0 = Debug|Any CPU
		{8DD69827-CD7A-4054-8865-2E161D27A7A3}.Release|Any CPU.ActiveCfg = Release|Any CPU
		{8DD69827-CD7A-4054-8865-2E161D27A7A3}.Release|Any CPU.Build.0 = Release|Any CPU
		{8DD69827-CD7A-4054-8865-2E161D27A7A3}.Release|x64.ActiveCfg = Release|Any CPU
		{8DD69827-CD7A-4054-8865-2E161D27A7A3}.Release|x64.Build.0 = Release|Any CPU
		{8DD69827-CD7A-4054-8865-2E161D27A7A3}.Release|x86.ActiveCfg = Release|Any CPU
		{8DD69827-CD7A-4054-8865-2E161D27A7A3}.Release|x86.Build.0 = Release|Any CPU
		{C89A7C0A-0CD3-4011-8543-64AD22F89179}.Debug|Any CPU.ActiveCfg = Debug|Any CPU
		{C89A7C0A-0CD3-4011-8543-64AD22F89179}.Debug|Any CPU.Build.0 = Debug|Any CPU
		{C89A7C0A-0CD3-4011-8543-64AD22F89179}.Debug|x64.ActiveCfg = Debug|Any CPU
		{C89A7C0A-0CD3-4011-8543-64AD22F89179}.Debug|x64.Build.0 = Debug|Any CPU
		{C89A7C0A-0CD3-4011-8543-64AD22F89179}.Debug|x86.ActiveCfg = Debug|Any CPU
		{C89A7C0A-0CD3-4011-8543-64AD22F89179}.Debug|x86.Build.0 = Debug|Any CPU
		{C89A7C0A-0CD3-4011-8543-64AD22F89179}.Release|Any CPU.ActiveCfg = Release|Any CPU
		{C89A7C0A-0CD3-4011-8543-64AD22F89179}.Release|Any CPU.Build.0 = Release|Any CPU
		{C89A7C0A-0CD3-4011-8543-64AD22F89179}.Release|x64.ActiveCfg = Release|Any CPU
		{C89A7C0A-0CD3-4011-8543-64AD22F89179}.Release|x64.Build.0 = Release|Any CPU
		{C89A7C0A-0CD3-4011-8543-64AD22F89179}.Release|x86.ActiveCfg = Release|Any CPU
		{C89A7C0A-0CD3-4011-8543-64AD22F89179}.Release|x86.Build.0 = Release|Any CPU
		{32451D6E-A79F-4CA1-8C99-101E3E1BB4F5}.Debug|Any CPU.ActiveCfg = Debug|Any CPU
		{32451D6E-A79F-4CA1-8C99-101E3E1BB4F5}.Debug|Any CPU.Build.0 = Debug|Any CPU
		{32451D6E-A79F-4CA1-8C99-101E3E1BB4F5}.Debug|x64.ActiveCfg = Debug|Any CPU
		{32451D6E-A79F-4CA1-8C99-101E3E1BB4F5}.Debug|x64.Build.0 = Debug|Any CPU
		{32451D6E-A79F-4CA1-8C99-101E3E1BB4F5}.Debug|x86.ActiveCfg = Debug|Any CPU
		{32451D6E-A79F-4CA1-8C99-101E3E1BB4F5}.Debug|x86.Build.0 = Debug|Any CPU
		{32451D6E-A79F-4CA1-8C99-101E3E1BB4F5}.Release|Any CPU.ActiveCfg = Release|Any CPU
		{32451D6E-A79F-4CA1-8C99-101E3E1BB4F5}.Release|Any CPU.Build.0 = Release|Any CPU
		{32451D6E-A79F-4CA1-8C99-101E3E1BB4F5}.Release|x64.ActiveCfg = Release|Any CPU
		{32451D6E-A79F-4CA1-8C99-101E3E1BB4F5}.Release|x64.Build.0 = Release|Any CPU
		{32451D6E-A79F-4CA1-8C99-101E3E1BB4F5}.Release|x86.ActiveCfg = Release|Any CPU
		{32451D6E-A79F-4CA1-8C99-101E3E1BB4F5}.Release|x86.Build.0 = Release|Any CPU
		{7651CF13-5E12-4AA2-BD58-0CC1A34B7F81}.Debug|Any CPU.ActiveCfg = Debug|Any CPU
		{7651CF13-5E12-4AA2-BD58-0CC1A34B7F81}.Debug|Any CPU.Build.0 = Debug|Any CPU
		{7651CF13-5E12-4AA2-BD58-0CC1A34B7F81}.Debug|x64.ActiveCfg = Debug|Any CPU
		{7651CF13-5E12-4AA2-BD58-0CC1A34B7F81}.Debug|x64.Build.0 = Debug|Any CPU
		{7651CF13-5E12-4AA2-BD58-0CC1A34B7F81}.Debug|x86.ActiveCfg = Debug|Any CPU
		{7651CF13-5E12-4AA2-BD58-0CC1A34B7F81}.Debug|x86.Build.0 = Debug|Any CPU
		{7651CF13-5E12-4AA2-BD58-0CC1A34B7F81}.Release|Any CPU.ActiveCfg = Release|Any CPU
		{7651CF13-5E12-4AA2-BD58-0CC1A34B7F81}.Release|Any CPU.Build.0 = Release|Any CPU
		{7651CF13-5E12-4AA2-BD58-0CC1A34B7F81}.Release|x64.ActiveCfg = Release|Any CPU
		{7651CF13-5E12-4AA2-BD58-0CC1A34B7F81}.Release|x64.Build.0 = Release|Any CPU
		{7651CF13-5E12-4AA2-BD58-0CC1A34B7F81}.Release|x86.ActiveCfg = Release|Any CPU
		{7651CF13-5E12-4AA2-BD58-0CC1A34B7F81}.Release|x86.Build.0 = Release|Any CPU
		{5EC3D0BF-C2C6-4A44-9F29-D880DE801534}.Debug|Any CPU.ActiveCfg = Debug|Any CPU
		{5EC3D0BF-C2C6-4A44-9F29-D880DE801534}.Debug|Any CPU.Build.0 = Debug|Any CPU
		{5EC3D0BF-C2C6-4A44-9F29-D880DE801534}.Debug|x64.ActiveCfg = Debug|Any CPU
		{5EC3D0BF-C2C6-4A44-9F29-D880DE801534}.Debug|x64.Build.0 = Debug|Any CPU
		{5EC3D0BF-C2C6-4A44-9F29-D880DE801534}.Debug|x86.ActiveCfg = Debug|Any CPU
		{5EC3D0BF-C2C6-4A44-9F29-D880DE801534}.Debug|x86.Build.0 = Debug|Any CPU
		{5EC3D0BF-C2C6-4A44-9F29-D880DE801534}.Release|Any CPU.ActiveCfg = Release|Any CPU
		{5EC3D0BF-C2C6-4A44-9F29-D880DE801534}.Release|Any CPU.Build.0 = Release|Any CPU
		{5EC3D0BF-C2C6-4A44-9F29-D880DE801534}.Release|x64.ActiveCfg = Release|Any CPU
		{5EC3D0BF-C2C6-4A44-9F29-D880DE801534}.Release|x64.Build.0 = Release|Any CPU
		{5EC3D0BF-C2C6-4A44-9F29-D880DE801534}.Release|x86.ActiveCfg = Release|Any CPU
		{5EC3D0BF-C2C6-4A44-9F29-D880DE801534}.Release|x86.Build.0 = Release|Any CPU
		{346C097A-EBA3-422E-B097-2EBBEEE036F6}.Debug|Any CPU.ActiveCfg = Debug|Any CPU
		{346C097A-EBA3-422E-B097-2EBBEEE036F6}.Debug|Any CPU.Build.0 = Debug|Any CPU
		{346C097A-EBA3-422E-B097-2EBBEEE036F6}.Debug|x64.ActiveCfg = Debug|Any CPU
		{346C097A-EBA3-422E-B097-2EBBEEE036F6}.Debug|x64.Build.0 = Debug|Any CPU
		{346C097A-EBA3-422E-B097-2EBBEEE036F6}.Debug|x86.ActiveCfg = Debug|Any CPU
		{346C097A-EBA3-422E-B097-2EBBEEE036F6}.Debug|x86.Build.0 = Debug|Any CPU
		{346C097A-EBA3-422E-B097-2EBBEEE036F6}.Release|Any CPU.ActiveCfg = Release|Any CPU
		{346C097A-EBA3-422E-B097-2EBBEEE036F6}.Release|Any CPU.Build.0 = Release|Any CPU
		{346C097A-EBA3-422E-B097-2EBBEEE036F6}.Release|x64.ActiveCfg = Release|Any CPU
		{346C097A-EBA3-422E-B097-2EBBEEE036F6}.Release|x64.Build.0 = Release|Any CPU
		{346C097A-EBA3-422E-B097-2EBBEEE036F6}.Release|x86.ActiveCfg = Release|Any CPU
		{346C097A-EBA3-422E-B097-2EBBEEE036F6}.Release|x86.Build.0 = Release|Any CPU
		{382D8599-8B8B-4E68-AB0C-E190B210F12C}.Debug|Any CPU.ActiveCfg = Debug|Any CPU
		{382D8599-8B8B-4E68-AB0C-E190B210F12C}.Debug|Any CPU.Build.0 = Debug|Any CPU
		{382D8599-8B8B-4E68-AB0C-E190B210F12C}.Debug|x64.ActiveCfg = Debug|Any CPU
		{382D8599-8B8B-4E68-AB0C-E190B210F12C}.Debug|x64.Build.0 = Debug|Any CPU
		{382D8599-8B8B-4E68-AB0C-E190B210F12C}.Debug|x86.ActiveCfg = Debug|Any CPU
		{382D8599-8B8B-4E68-AB0C-E190B210F12C}.Debug|x86.Build.0 = Debug|Any CPU
		{382D8599-8B8B-4E68-AB0C-E190B210F12C}.Release|Any CPU.ActiveCfg = Release|Any CPU
		{382D8599-8B8B-4E68-AB0C-E190B210F12C}.Release|Any CPU.Build.0 = Release|Any CPU
		{382D8599-8B8B-4E68-AB0C-E190B210F12C}.Release|x64.ActiveCfg = Release|Any CPU
		{382D8599-8B8B-4E68-AB0C-E190B210F12C}.Release|x64.Build.0 = Release|Any CPU
		{382D8599-8B8B-4E68-AB0C-E190B210F12C}.Release|x86.ActiveCfg = Release|Any CPU
		{382D8599-8B8B-4E68-AB0C-E190B210F12C}.Release|x86.Build.0 = Release|Any CPU
		{5401985E-F03A-4FE8-8C25-924EE49D947B}.Debug|Any CPU.ActiveCfg = Debug|Any CPU
		{5401985E-F03A-4FE8-8C25-924EE49D947B}.Debug|Any CPU.Build.0 = Debug|Any CPU
		{5401985E-F03A-4FE8-8C25-924EE49D947B}.Debug|x64.ActiveCfg = Debug|Any CPU
		{5401985E-F03A-4FE8-8C25-924EE49D947B}.Debug|x64.Build.0 = Debug|Any CPU
		{5401985E-F03A-4FE8-8C25-924EE49D947B}.Debug|x86.ActiveCfg = Debug|Any CPU
		{5401985E-F03A-4FE8-8C25-924EE49D947B}.Debug|x86.Build.0 = Debug|Any CPU
		{5401985E-F03A-4FE8-8C25-924EE49D947B}.Release|Any CPU.ActiveCfg = Release|Any CPU
		{5401985E-F03A-4FE8-8C25-924EE49D947B}.Release|Any CPU.Build.0 = Release|Any CPU
		{5401985E-F03A-4FE8-8C25-924EE49D947B}.Release|x64.ActiveCfg = Release|Any CPU
		{5401985E-F03A-4FE8-8C25-924EE49D947B}.Release|x64.Build.0 = Release|Any CPU
		{5401985E-F03A-4FE8-8C25-924EE49D947B}.Release|x86.ActiveCfg = Release|Any CPU
		{5401985E-F03A-4FE8-8C25-924EE49D947B}.Release|x86.Build.0 = Release|Any CPU
		{FCC974DB-6159-4DDE-ABE8-D8B76B4D296B}.Debug|Any CPU.ActiveCfg = Debug|Any CPU
		{FCC974DB-6159-4DDE-ABE8-D8B76B4D296B}.Debug|Any CPU.Build.0 = Debug|Any CPU
		{FCC974DB-6159-4DDE-ABE8-D8B76B4D296B}.Debug|x64.ActiveCfg = Debug|Any CPU
		{FCC974DB-6159-4DDE-ABE8-D8B76B4D296B}.Debug|x64.Build.0 = Debug|Any CPU
		{FCC974DB-6159-4DDE-ABE8-D8B76B4D296B}.Debug|x86.ActiveCfg = Debug|Any CPU
		{FCC974DB-6159-4DDE-ABE8-D8B76B4D296B}.Debug|x86.Build.0 = Debug|Any CPU
		{FCC974DB-6159-4DDE-ABE8-D8B76B4D296B}.Release|Any CPU.ActiveCfg = Release|Any CPU
		{FCC974DB-6159-4DDE-ABE8-D8B76B4D296B}.Release|Any CPU.Build.0 = Release|Any CPU
		{FCC974DB-6159-4DDE-ABE8-D8B76B4D296B}.Release|x64.ActiveCfg = Release|Any CPU
		{FCC974DB-6159-4DDE-ABE8-D8B76B4D296B}.Release|x64.Build.0 = Release|Any CPU
		{FCC974DB-6159-4DDE-ABE8-D8B76B4D296B}.Release|x86.ActiveCfg = Release|Any CPU
		{FCC974DB-6159-4DDE-ABE8-D8B76B4D296B}.Release|x86.Build.0 = Release|Any CPU
		{9288643A-3F51-4929-9907-809142B45B8B}.Debug|Any CPU.ActiveCfg = Debug|Any CPU
		{9288643A-3F51-4929-9907-809142B45B8B}.Debug|Any CPU.Build.0 = Debug|Any CPU
		{9288643A-3F51-4929-9907-809142B45B8B}.Debug|x64.ActiveCfg = Debug|Any CPU
		{9288643A-3F51-4929-9907-809142B45B8B}.Debug|x64.Build.0 = Debug|Any CPU
		{9288643A-3F51-4929-9907-809142B45B8B}.Debug|x86.ActiveCfg = Debug|Any CPU
		{9288643A-3F51-4929-9907-809142B45B8B}.Debug|x86.Build.0 = Debug|Any CPU
		{9288643A-3F51-4929-9907-809142B45B8B}.Release|Any CPU.ActiveCfg = Release|Any CPU
		{9288643A-3F51-4929-9907-809142B45B8B}.Release|Any CPU.Build.0 = Release|Any CPU
		{9288643A-3F51-4929-9907-809142B45B8B}.Release|x64.ActiveCfg = Release|Any CPU
		{9288643A-3F51-4929-9907-809142B45B8B}.Release|x64.Build.0 = Release|Any CPU
		{9288643A-3F51-4929-9907-809142B45B8B}.Release|x86.ActiveCfg = Release|Any CPU
		{9288643A-3F51-4929-9907-809142B45B8B}.Release|x86.Build.0 = Release|Any CPU
	EndGlobalSection
	GlobalSection(SolutionProperties) = preSolution
		HideSolutionNode = FALSE
	EndGlobalSection
	GlobalSection(NestedProjects) = preSolution
		{FDE299AA-70D4-B916-8CC4-7FC358D368AF} = {5854FF58-B8C5-05C6-5BF2-ACE42193F22B}
		{443C1B03-E514-AFB8-6277-838FE260D0AF} = {FDE299AA-70D4-B916-8CC4-7FC358D368AF}
		{3650A7F7-25F2-ACB6-7C61-DEEC92180F0D} = {5854FF58-B8C5-05C6-5BF2-ACE42193F22B}
		{B104623F-0B8C-9DD4-5D3B-76CEF981FDB5} = {3650A7F7-25F2-ACB6-7C61-DEEC92180F0D}
		{4870B4FD-18B9-69A6-9A93-A5AF19CB0780} = {B104623F-0B8C-9DD4-5D3B-76CEF981FDB5}
		{DEAC25A7-03E7-B93E-7927-F88DB4E592C1} = {5854FF58-B8C5-05C6-5BF2-ACE42193F22B}
		{ED5237CC-AF6D-BA31-90AB-4E81B22DC8F1} = {DEAC25A7-03E7-B93E-7927-F88DB4E592C1}
		{77DEB1BA-BAC2-3D01-D5FB-69979F8CB3F0} = {ED5237CC-AF6D-BA31-90AB-4E81B22DC8F1}
		{18A60A9C-DD2A-9D9C-9CF5-239B078869C8} = {5854FF58-B8C5-05C6-5BF2-ACE42193F22B}
		{BF70BBB6-3B57-641E-DFAD-9CE91C057720} = {18A60A9C-DD2A-9D9C-9CF5-239B078869C8}
		{2AB6FD44-781E-906F-B7B7-F99FD8FA2022} = {BF70BBB6-3B57-641E-DFAD-9CE91C057720}
		{C8FF570F-443C-60A1-5CCD-EAB3A876C270} = {5854FF58-B8C5-05C6-5BF2-ACE42193F22B}
		{696FA2B1-0B93-DA7F-F183-1C224961A235} = {C8FF570F-443C-60A1-5CCD-EAB3A876C270}
		{DCCB6132-E95A-783D-442C-C1A04B9E5A8D} = {696FA2B1-0B93-DA7F-F183-1C224961A235}
		{1E7915AD-DF8B-B3A2-2DC2-A346E063C75A} = {5854FF58-B8C5-05C6-5BF2-ACE42193F22B}
		{310CD506-C094-E520-D600-A931B9FF9744} = {1E7915AD-DF8B-B3A2-2DC2-A346E063C75A}
		{0FD9B2C4-9513-0629-7CF2-E1187CB1989D} = {310CD506-C094-E520-D600-A931B9FF9744}
		{A86387A1-6CB7-E87F-8D97-922B56EDCEFC} = {5854FF58-B8C5-05C6-5BF2-ACE42193F22B}
		{B16E37B7-9997-3A69-15CC-2776E4DDC1AC} = {A86387A1-6CB7-E87F-8D97-922B56EDCEFC}
		{8E79B3D7-430D-E8B5-02FA-D89CEB9C6E89} = {B16E37B7-9997-3A69-15CC-2776E4DDC1AC}
		{FA821B45-534B-7B60-4D5D-EBB8639F2489} = {5854FF58-B8C5-05C6-5BF2-ACE42193F22B}
		{B2BBB22C-EC00-6BA1-C10F-18C33A0E377D} = {FA821B45-534B-7B60-4D5D-EBB8639F2489}
		{49DFC6C6-19FC-4B09-84DA-2F08A900E973} = {B2BBB22C-EC00-6BA1-C10F-18C33A0E377D}
		{AAABED3C-F9E8-A7E9-77BB-1CED8FA193F4} = {5854FF58-B8C5-05C6-5BF2-ACE42193F22B}
		{36384A19-6F7B-0B60-D6E1-157270F66F82} = {AAABED3C-F9E8-A7E9-77BB-1CED8FA193F4}
		{4C73BA92-EB3D-476D-AD7F-1AA1A2308374} = {36384A19-6F7B-0B60-D6E1-157270F66F82}
		{8773210A-363C-41C2-9D7D-67234FF698CA} = {36384A19-6F7B-0B60-D6E1-157270F66F82}
		{8DD69827-CD7A-4054-8865-2E161D27A7A3} = {36384A19-6F7B-0B60-D6E1-157270F66F82}
		{C89A7C0A-0CD3-4011-8543-64AD22F89179} = {36384A19-6F7B-0B60-D6E1-157270F66F82}
		{32451D6E-A79F-4CA1-8C99-101E3E1BB4F5} = {36384A19-6F7B-0B60-D6E1-157270F66F82}
		{7651CF13-5E12-4AA2-BD58-0CC1A34B7F81} = {36384A19-6F7B-0B60-D6E1-157270F66F82}
		{5EC3D0BF-C2C6-4A44-9F29-D880DE801534} = {36384A19-6F7B-0B60-D6E1-157270F66F82}
		{346C097A-EBA3-422E-B097-2EBBEEE036F6} = {36384A19-6F7B-0B60-D6E1-157270F66F82}
		{382D8599-8B8B-4E68-AB0C-E190B210F12C} = {36384A19-6F7B-0B60-D6E1-157270F66F82}
		{21BDF9CB-A000-6E5A-E702-829E2102A3F7} = {5854FF58-B8C5-05C6-5BF2-ACE42193F22B}
		{266C183A-E1BB-D009-9FB2-EFE82555B9CC} = {21BDF9CB-A000-6E5A-E702-829E2102A3F7}
		{5401985E-F03A-4FE8-8C25-924EE49D947B} = {266C183A-E1BB-D009-9FB2-EFE82555B9CC}
		{FCC974DB-6159-4DDE-ABE8-D8B76B4D296B} = {266C183A-E1BB-D009-9FB2-EFE82555B9CC}
		{E76A2C53-BF35-DE38-48D8-D6C8283F6C87} = {5854FF58-B8C5-05C6-5BF2-ACE42193F22B}
		{70B35090-7ACB-3C77-283D-6426FE47DA94} = {E76A2C53-BF35-DE38-48D8-D6C8283F6C87}
		{9288643A-3F51-4929-9907-809142B45B8B} = {70B35090-7ACB-3C77-283D-6426FE47DA94}
	EndGlobalSection
	GlobalSection(ExtensibilityGlobals) = postSolution
		SolutionGuid = {C52D7FF0-A618-42F0-B703-412161C11C7A}
	EndGlobalSection
EndGlobal
